
Microsoft Visual Studio Solution File, Format Version 12.00
# Visual Studio 2013
VisualStudioVersion = 12.0.21005.1
MinimumVisualStudioVersion = 10.0.40219.1
Project("{FAE04EC0-301F-11D3-BF4B-00C04F79EFBC}") = "TinyMessenger", "TinyMessenger\TinyMessenger.csproj", "{BBD54567-AA27-4EF0-89BE-A44E23A13D9C}"
EndProject
Project("{2150E333-8FDC-42A3-9474-1A3956D46DE8}") = "Sample", "Sample", "{3A31F82A-5D6E-4DA8-B5BA-C40D0234B431}"
EndProject
Project("{FAE04EC0-301F-11D3-BF4B-00C04F79EFBC}") = "Sample.Core", "Sample.Core\Sample.Core.csproj", "{7A82C2F6-2CDB-4C17-835D-2C3D85B3D8BA}"
EndProject
Project("{FAE04EC0-301F-11D3-BF4B-00C04F79EFBC}") = "Sample.WP8", "Sample.WP8\Sample.WP8.csproj", "{D3469411-FC5E-4FBF-A33D-26BF68BE32B9}"
EndProject
Project("{FAE04EC0-301F-11D3-BF4B-00C04F79EFBC}") = "Sample.Droid", "Sample.Droid\Sample.Droid.csproj", "{E1DC9439-0E61-45B3-B581-B58F8E355214}"
EndProject
Project("{FAE04EC0-301F-11D3-BF4B-00C04F79EFBC}") = "Sample.iOS", "Sample.iOS\Sample.iOS.csproj", "{7A41C25C-15D9-4015-B0AE-FF495AF7B260}"
EndProject
Project("{FAE04EC0-301F-11D3-BF4B-00C04F79EFBC}") = "TinyMessenger.Tests", "TinyMessenger.Tests\TinyMessenger.Tests.csproj", "{4F6F8945-C6AB-472F-A55C-DA599FEDCF88}"
EndProject
Project("{2150E333-8FDC-42A3-9474-1A3956D46DE8}") = ".nuget", ".nuget", "{9FDCC65F-DE2D-4FE5-9449-76B517D91476}"
	ProjectSection(SolutionItems) = preProject
		.nuget\NuGet.Config = .nuget\NuGet.Config
		.nuget\NuGet.exe = .nuget\NuGet.exe
		.nuget\NuGet.targets = .nuget\NuGet.targets
	EndProjectSection
EndProject
Global
	GlobalSection(SolutionConfigurationPlatforms) = preSolution
		Debug|Any CPU = Debug|Any CPU
		Debug|ARM = Debug|ARM
		Debug|x86 = Debug|x86
		Release|Any CPU = Release|Any CPU
		Release|ARM = Release|ARM
		Release|x86 = Release|x86
		Debug|iPhoneSimulator = Debug|iPhoneSimulator
		Release|iPhoneSimulator = Release|iPhoneSimulator
		Debug|iPhone = Debug|iPhone
		Release|iPhone = Release|iPhone
		Ad-Hoc|iPhone = Ad-Hoc|iPhone
		AppStore|iPhone = AppStore|iPhone
	EndGlobalSection
	GlobalSection(ProjectConfigurationPlatforms) = postSolution
		{4F6F8945-C6AB-472F-A55C-DA599FEDCF88}.Debug|Any CPU.ActiveCfg = Debug|Any CPU
		{4F6F8945-C6AB-472F-A55C-DA599FEDCF88}.Debug|Any CPU.Build.0 = Debug|Any CPU
		{4F6F8945-C6AB-472F-A55C-DA599FEDCF88}.Debug|ARM.ActiveCfg = Debug|Any CPU
		{4F6F8945-C6AB-472F-A55C-DA599FEDCF88}.Debug|x86.ActiveCfg = Debug|Any CPU
		{4F6F8945-C6AB-472F-A55C-DA599FEDCF88}.Release|Any CPU.ActiveCfg = Release|Any CPU
		{4F6F8945-C6AB-472F-A55C-DA599FEDCF88}.Release|Any CPU.Build.0 = Release|Any CPU
		{4F6F8945-C6AB-472F-A55C-DA599FEDCF88}.Release|ARM.ActiveCfg = Release|Any CPU
		{4F6F8945-C6AB-472F-A55C-DA599FEDCF88}.Release|x86.ActiveCfg = Release|Any CPU
		{7A41C25C-15D9-4015-B0AE-FF495AF7B260}.Ad-Hoc|iPhone.ActiveCfg = Ad-Hoc|iPhone
		{7A41C25C-15D9-4015-B0AE-FF495AF7B260}.Ad-Hoc|iPhone.Build.0 = Ad-Hoc|iPhone
		{7A41C25C-15D9-4015-B0AE-FF495AF7B260}.AppStore|iPhone.ActiveCfg = AppStore|iPhone
		{7A41C25C-15D9-4015-B0AE-FF495AF7B260}.AppStore|iPhone.Build.0 = AppStore|iPhone
		{7A41C25C-15D9-4015-B0AE-FF495AF7B260}.Debug|Any CPU.ActiveCfg = Debug|iPhoneSimulator
		{7A41C25C-15D9-4015-B0AE-FF495AF7B260}.Debug|Any CPU.Build.0 = Debug|iPhoneSimulator
		{7A41C25C-15D9-4015-B0AE-FF495AF7B260}.Debug|ARM.ActiveCfg = Debug|iPhoneSimulator
		{7A41C25C-15D9-4015-B0AE-FF495AF7B260}.Debug|ARM.Build.0 = Debug|iPhoneSimulator
		{7A41C25C-15D9-4015-B0AE-FF495AF7B260}.Debug|iPhone.ActiveCfg = Debug|iPhone
		{7A41C25C-15D9-4015-B0AE-FF495AF7B260}.Debug|iPhone.Build.0 = Debug|iPhone
		{7A41C25C-15D9-4015-B0AE-FF495AF7B260}.Debug|iPhoneSimulator.ActiveCfg = Debug|iPhoneSimulator
		{7A41C25C-15D9-4015-B0AE-FF495AF7B260}.Debug|iPhoneSimulator.Build.0 = Debug|iPhoneSimulator
		{7A41C25C-15D9-4015-B0AE-FF495AF7B260}.Debug|x86.ActiveCfg = Debug|iPhoneSimulator
		{7A41C25C-15D9-4015-B0AE-FF495AF7B260}.Debug|x86.Build.0 = Debug|iPhoneSimulator
		{7A41C25C-15D9-4015-B0AE-FF495AF7B260}.Release|Any CPU.ActiveCfg = Release|iPhoneSimulator
		{7A41C25C-15D9-4015-B0AE-FF495AF7B260}.Release|Any CPU.Build.0 = Release|iPhoneSimulator
		{7A41C25C-15D9-4015-B0AE-FF495AF7B260}.Release|ARM.ActiveCfg = Release|iPhoneSimulator
		{7A41C25C-15D9-4015-B0AE-FF495AF7B260}.Release|ARM.Build.0 = Release|iPhoneSimulator
		{7A41C25C-15D9-4015-B0AE-FF495AF7B260}.Release|iPhone.ActiveCfg = Release|iPhone
		{7A41C25C-15D9-4015-B0AE-FF495AF7B260}.Release|iPhone.Build.0 = Release|iPhone
		{7A41C25C-15D9-4015-B0AE-FF495AF7B260}.Release|iPhoneSimulator.ActiveCfg = Release|iPhoneSimulator
		{7A41C25C-15D9-4015-B0AE-FF495AF7B260}.Release|iPhoneSimulator.Build.0 = Release|iPhoneSimulator
		{7A41C25C-15D9-4015-B0AE-FF495AF7B260}.Release|x86.ActiveCfg = Release|iPhoneSimulator
		{7A41C25C-15D9-4015-B0AE-FF495AF7B260}.Release|x86.Build.0 = Release|iPhoneSimulator
		{7A82C2F6-2CDB-4C17-835D-2C3D85B3D8BA}.Ad-Hoc|iPhone.ActiveCfg = Debug|Any CPU
		{7A82C2F6-2CDB-4C17-835D-2C3D85B3D8BA}.Ad-Hoc|iPhone.Build.0 = Debug|Any CPU
		{7A82C2F6-2CDB-4C17-835D-2C3D85B3D8BA}.AppStore|iPhone.ActiveCfg = Debug|Any CPU
		{7A82C2F6-2CDB-4C17-835D-2C3D85B3D8BA}.AppStore|iPhone.Build.0 = Debug|Any CPU
		{7A82C2F6-2CDB-4C17-835D-2C3D85B3D8BA}.Debug|Any CPU.ActiveCfg = Debug|Any CPU
		{7A82C2F6-2CDB-4C17-835D-2C3D85B3D8BA}.Debug|Any CPU.Build.0 = Debug|Any CPU
		{7A82C2F6-2CDB-4C17-835D-2C3D85B3D8BA}.Debug|ARM.ActiveCfg = Debug|Any CPU
		{7A82C2F6-2CDB-4C17-835D-2C3D85B3D8BA}.Debug|iPhone.ActiveCfg = Debug|Any CPU
		{7A82C2F6-2CDB-4C17-835D-2C3D85B3D8BA}.Debug|iPhone.Build.0 = Debug|Any CPU
		{7A82C2F6-2CDB-4C17-835D-2C3D85B3D8BA}.Debug|iPhoneSimulator.ActiveCfg = Debug|Any CPU
		{7A82C2F6-2CDB-4C17-835D-2C3D85B3D8BA}.Debug|iPhoneSimulator.Build.0 = Debug|Any CPU
		{7A82C2F6-2CDB-4C17-835D-2C3D85B3D8BA}.Debug|x86.ActiveCfg = Debug|Any CPU
		{7A82C2F6-2CDB-4C17-835D-2C3D85B3D8BA}.Release|Any CPU.ActiveCfg = Release|Any CPU
		{7A82C2F6-2CDB-4C17-835D-2C3D85B3D8BA}.Release|Any CPU.Build.0 = Release|Any CPU
		{7A82C2F6-2CDB-4C17-835D-2C3D85B3D8BA}.Release|ARM.ActiveCfg = Release|Any CPU
		{7A82C2F6-2CDB-4C17-835D-2C3D85B3D8BA}.Release|iPhone.ActiveCfg = Release|Any CPU
		{7A82C2F6-2CDB-4C17-835D-2C3D85B3D8BA}.Release|iPhone.Build.0 = Release|Any CPU
		{7A82C2F6-2CDB-4C17-835D-2C3D85B3D8BA}.Release|iPhoneSimulator.ActiveCfg = Release|Any CPU
		{7A82C2F6-2CDB-4C17-835D-2C3D85B3D8BA}.Release|iPhoneSimulator.Build.0 = Release|Any CPU
		{7A82C2F6-2CDB-4C17-835D-2C3D85B3D8BA}.Release|x86.ActiveCfg = Release|Any CPU
		{BBD54567-AA27-4EF0-89BE-A44E23A13D9C}.Ad-Hoc|iPhone.ActiveCfg = Debug|Any CPU
		{BBD54567-AA27-4EF0-89BE-A44E23A13D9C}.Ad-Hoc|iPhone.Build.0 = Debug|Any CPU
		{BBD54567-AA27-4EF0-89BE-A44E23A13D9C}.AppStore|iPhone.ActiveCfg = Debug|Any CPU
		{BBD54567-AA27-4EF0-89BE-A44E23A13D9C}.AppStore|iPhone.Build.0 = Debug|Any CPU
		{BBD54567-AA27-4EF0-89BE-A44E23A13D9C}.Debug|Any CPU.ActiveCfg = Debug|Any CPU
		{BBD54567-AA27-4EF0-89BE-A44E23A13D9C}.Debug|Any CPU.Build.0 = Debug|Any CPU
		{BBD54567-AA27-4EF0-89BE-A44E23A13D9C}.Debug|ARM.ActiveCfg = Debug|Any CPU
		{BBD54567-AA27-4EF0-89BE-A44E23A13D9C}.Debug|iPhone.ActiveCfg = Debug|Any CPU
		{BBD54567-AA27-4EF0-89BE-A44E23A13D9C}.Debug|iPhone.Build.0 = Debug|Any CPU
		{BBD54567-AA27-4EF0-89BE-A44E23A13D9C}.Debug|iPhoneSimulator.ActiveCfg = Debug|Any CPU
		{BBD54567-AA27-4EF0-89BE-A44E23A13D9C}.Debug|iPhoneSimulator.Build.0 = Debug|Any CPU
		{BBD54567-AA27-4EF0-89BE-A44E23A13D9C}.Debug|x86.ActiveCfg = Debug|Any CPU
		{BBD54567-AA27-4EF0-89BE-A44E23A13D9C}.Release|Any CPU.ActiveCfg = Release|Any CPU
		{BBD54567-AA27-4EF0-89BE-A44E23A13D9C}.Release|Any CPU.Build.0 = Release|Any CPU
		{BBD54567-AA27-4EF0-89BE-A44E23A13D9C}.Release|ARM.ActiveCfg = Release|Any CPU
		{BBD54567-AA27-4EF0-89BE-A44E23A13D9C}.Release|iPhone.ActiveCfg = Release|Any CPU
		{BBD54567-AA27-4EF0-89BE-A44E23A13D9C}.Release|iPhone.Build.0 = Release|Any CPU
		{BBD54567-AA27-4EF0-89BE-A44E23A13D9C}.Release|iPhoneSimulator.ActiveCfg = Release|Any CPU
		{BBD54567-AA27-4EF0-89BE-A44E23A13D9C}.Release|iPhoneSimulator.Build.0 = Release|Any CPU
		{BBD54567-AA27-4EF0-89BE-A44E23A13D9C}.Release|x86.ActiveCfg = Release|Any CPU
		{D3469411-FC5E-4FBF-A33D-26BF68BE32B9}.Debug|Any CPU.ActiveCfg = Debug|Any CPU
		{D3469411-FC5E-4FBF-A33D-26BF68BE32B9}.Debug|Any CPU.Build.0 = Debug|Any CPU
		{D3469411-FC5E-4FBF-A33D-26BF68BE32B9}.Debug|Any CPU.Deploy.0 = Debug|Any CPU
		{D3469411-FC5E-4FBF-A33D-26BF68BE32B9}.Debug|ARM.ActiveCfg = Debug|ARM
		{D3469411-FC5E-4FBF-A33D-26BF68BE32B9}.Debug|ARM.Build.0 = Debug|ARM
		{D3469411-FC5E-4FBF-A33D-26BF68BE32B9}.Debug|ARM.Deploy.0 = Debug|ARM
		{D3469411-FC5E-4FBF-A33D-26BF68BE32B9}.Debug|x86.ActiveCfg = Debug|x86
		{D3469411-FC5E-4FBF-A33D-26BF68BE32B9}.Debug|x86.Build.0 = Debug|x86
		{D3469411-FC5E-4FBF-A33D-26BF68BE32B9}.Debug|x86.Deploy.0 = Debug|x86
		{D3469411-FC5E-4FBF-A33D-26BF68BE32B9}.Release|Any CPU.ActiveCfg = Release|Any CPU
		{D3469411-FC5E-4FBF-A33D-26BF68BE32B9}.Release|Any CPU.Build.0 = Release|Any CPU
		{D3469411-FC5E-4FBF-A33D-26BF68BE32B9}.Release|Any CPU.Deploy.0 = Release|Any CPU
		{D3469411-FC5E-4FBF-A33D-26BF68BE32B9}.Release|ARM.ActiveCfg = Release|ARM
		{D3469411-FC5E-4FBF-A33D-26BF68BE32B9}.Release|ARM.Build.0 = Release|ARM
		{D3469411-FC5E-4FBF-A33D-26BF68BE32B9}.Release|ARM.Deploy.0 = Release|ARM
		{D3469411-FC5E-4FBF-A33D-26BF68BE32B9}.Release|x86.ActiveCfg = Release|x86
		{D3469411-FC5E-4FBF-A33D-26BF68BE32B9}.Release|x86.Build.0 = Release|x86
		{D3469411-FC5E-4FBF-A33D-26BF68BE32B9}.Release|x86.Deploy.0 = Release|x86
		{E1DC9439-0E61-45B3-B581-B58F8E355214}.Ad-Hoc|iPhone.ActiveCfg = Debug|Any CPU
		{E1DC9439-0E61-45B3-B581-B58F8E355214}.Ad-Hoc|iPhone.Build.0 = Debug|Any CPU
		{E1DC9439-0E61-45B3-B581-B58F8E355214}.AppStore|iPhone.ActiveCfg = Debug|Any CPU
		{E1DC9439-0E61-45B3-B581-B58F8E355214}.AppStore|iPhone.Build.0 = Debug|Any CPU
		{E1DC9439-0E61-45B3-B581-B58F8E355214}.Debug|Any CPU.ActiveCfg = Debug|Any CPU
		{E1DC9439-0E61-45B3-B581-B58F8E355214}.Debug|Any CPU.Build.0 = Debug|Any CPU
		{E1DC9439-0E61-45B3-B581-B58F8E355214}.Debug|Any CPU.Deploy.0 = Debug|Any CPU
		{E1DC9439-0E61-45B3-B581-B58F8E355214}.Debug|ARM.ActiveCfg = Debug|Any CPU
		{E1DC9439-0E61-45B3-B581-B58F8E355214}.Debug|iPhone.ActiveCfg = Debug|Any CPU
		{E1DC9439-0E61-45B3-B581-B58F8E355214}.Debug|iPhone.Build.0 = Debug|Any CPU
		{E1DC9439-0E61-45B3-B581-B58F8E355214}.Debug|iPhoneSimulator.ActiveCfg = Debug|Any CPU
		{E1DC9439-0E61-45B3-B581-B58F8E355214}.Debug|iPhoneSimulator.Build.0 = Debug|Any CPU
		{E1DC9439-0E61-45B3-B581-B58F8E355214}.Debug|x86.ActiveCfg = Debug|Any CPU
		{E1DC9439-0E61-45B3-B581-B58F8E355214}.Release|Any CPU.ActiveCfg = Release|Any CPU
		{E1DC9439-0E61-45B3-B581-B58F8E355214}.Release|Any CPU.Build.0 = Release|Any CPU
		{E1DC9439-0E61-45B3-B581-B58F8E355214}.Release|Any CPU.Deploy.0 = Release|Any CPU
		{E1DC9439-0E61-45B3-B581-B58F8E355214}.Release|ARM.ActiveCfg = Release|Any CPU
		{E1DC9439-0E61-45B3-B581-B58F8E355214}.Release|iPhone.ActiveCfg = Release|Any CPU
		{E1DC9439-0E61-45B3-B581-B58F8E355214}.Release|iPhone.Build.0 = Release|Any CPU
		{E1DC9439-0E61-45B3-B581-B58F8E355214}.Release|iPhoneSimulator.ActiveCfg = Release|Any CPU
		{E1DC9439-0E61-45B3-B581-B58F8E355214}.Release|iPhoneSimulator.Build.0 = Release|Any CPU
		{E1DC9439-0E61-45B3-B581-B58F8E355214}.Release|x86.ActiveCfg = Release|Any CPU
	EndGlobalSection
	GlobalSection(NestedProjects) = preSolution
		{7A82C2F6-2CDB-4C17-835D-2C3D85B3D8BA} = {3A31F82A-5D6E-4DA8-B5BA-C40D0234B431}
		{D3469411-FC5E-4FBF-A33D-26BF68BE32B9} = {3A31F82A-5D6E-4DA8-B5BA-C40D0234B431}
		{E1DC9439-0E61-45B3-B581-B58F8E355214} = {3A31F82A-5D6E-4DA8-B5BA-C40D0234B431}
		{7A41C25C-15D9-4015-B0AE-FF495AF7B260} = {3A31F82A-5D6E-4DA8-B5BA-C40D0234B431}
	EndGlobalSection
	GlobalSection(MonoDevelopProperties) = preSolution
		StartupItem = Sample.iOS\Sample.iOS.csproj
	EndGlobalSection
	GlobalSection(SolutionProperties) = preSolution
		HideSolutionNode = FALSE
	EndGlobalSection
EndGlobal
